// !$*UTF8*$!
{
	archiveVersion = 1;
	classes = {
	};
	objectVersion = 55;
	objects = {

/* Begin PBXBuildFile section */
		BC5E86BD286FD6B60007E18D /* inspirational-background-112290.mp3 in Resources */ = {isa = PBXBuildFile; fileRef = BC5E86BC286FD6B60007E18D /* inspirational-background-112290.mp3 */; };
		BC5E86BF286FD6C80007E18D /* jazzy-abstract-beat-11254.mp3 in Resources */ = {isa = PBXBuildFile; fileRef = BC5E86BE286FD6C80007E18D /* jazzy-abstract-beat-11254.mp3 */; };
		BC5E86C1286FD6D30007E18D /* chill-abstract-intention-12099.mp3 in Resources */ = {isa = PBXBuildFile; fileRef = BC5E86C0286FD6D30007E18D /* chill-abstract-intention-12099.mp3 */; };
		BC5E86C3286FD6DD0007E18D /* motivational-day-112790.mp3 in Resources */ = {isa = PBXBuildFile; fileRef = BC5E86C2286FD6DC0007E18D /* motivational-day-112790.mp3 */; };
		BC5E86C5286FD7A70007E18D /* Gameover.swift in Sources */ = {isa = PBXBuildFile; fileRef = BC5E86C4286FD7A60007E18D /* Gameover.swift */; };
		BC780C342831D3820080F758 /* TEST.json in Resources */ = {isa = PBXBuildFile; fileRef = BC780C332831D3820080F758 /* TEST.json */; };
		BC780C362831D5350080F758 /* AnswerClue.swift in Sources */ = {isa = PBXBuildFile; fileRef = BC780C352831D5350080F758 /* AnswerClue.swift */; };
		F303320B28766B6800F927D4 /* Comic Sans MS.ttf in Resources */ = {isa = PBXBuildFile; fileRef = F307FD362873D16B00D9D507 /* Comic Sans MS.ttf */; };
		F303320C28766B6C00F927D4 /* Arial.ttf in Resources */ = {isa = PBXBuildFile; fileRef = F307FD382873D1BE00D9D507 /* Arial.ttf */; };
		F303320D28766B6F00F927D4 /* Herculanum.ttf in Resources */ = {isa = PBXBuildFile; fileRef = F307FD372873D1A500D9D507 /* Herculanum.ttf */; };
		F307FD352873609600D9D507 /* chill-abstract-intention-12099_11KGzeua.mp3 in Resources */ = {isa = PBXBuildFile; fileRef = F307FD342873609500D9D507 /* chill-abstract-intention-12099_11KGzeua.mp3 */; };
		F3361B68287B7D52009CD2DA /* noCycle.json in Resources */ = {isa = PBXBuildFile; fileRef = F3361B67287B7D52009CD2DA /* noCycle.json */; };
		F33BCCBF282C8BB400BDFB27 /* InfiniteWordLadderApp.swift in Sources */ = {isa = PBXBuildFile; fileRef = F33BCCBE282C8BB400BDFB27 /* InfiniteWordLadderApp.swift */; };
		F33BCCC1282C8BB400BDFB27 /* IWL.swift in Sources */ = {isa = PBXBuildFile; fileRef = F33BCCC0282C8BB400BDFB27 /* IWL.swift */; };
		F33BCCC3282C8BB700BDFB27 /* Assets.xcassets in Resources */ = {isa = PBXBuildFile; fileRef = F33BCCC2282C8BB700BDFB27 /* Assets.xcassets */; };
		F33BCCC6282C8BB700BDFB27 /* Preview Assets.xcassets in Resources */ = {isa = PBXBuildFile; fileRef = F33BCCC5282C8BB700BDFB27 /* Preview Assets.xcassets */; };
		F35EAE5828558584005388C5 /* connected.json in Resources */ = {isa = PBXBuildFile; fileRef = F35EAE5728558584005388C5 /* connected.json */; };
		F37C68F72842663700820459 /* GiveUp.swift in Sources */ = {isa = PBXBuildFile; fileRef = F37C68F62842663700820459 /* GiveUp.swift */; };
		F37C68F92842BBEB00820459 /* Menu.swift in Sources */ = {isa = PBXBuildFile; fileRef = F37C68F82842BBEB00820459 /* Menu.swift */; };
		F37C68FB28438E9300820459 /* Stats.swift in Sources */ = {isa = PBXBuildFile; fileRef = F37C68FA28438E9300820459 /* Stats.swift */; };
		F37C68FD28438EA600820459 /* Achievements.swift in Sources */ = {isa = PBXBuildFile; fileRef = F37C68FC28438EA600820459 /* Achievements.swift */; };
		F3B2C5D3282F3ADF00766218 /* GameInfo.swift in Sources */ = {isa = PBXBuildFile; fileRef = F3B2C5D2282F3ADF00766218 /* GameInfo.swift */; };
		F3B35A82283327EA0000796E /* full.json in Resources */ = {isa = PBXBuildFile; fileRef = F3B35A81283327EA0000796E /* full.json */; };
		F3D55565283C40A800A34232 /* MotherView.swift in Sources */ = {isa = PBXBuildFile; fileRef = F3D55564283C40A800A34232 /* MotherView.swift */; };
		F3D55567283C413300A34232 /* Correct.swift in Sources */ = {isa = PBXBuildFile; fileRef = F3D55566283C413300A34232 /* Correct.swift */; };
		F3D55569283DB76A00A34232 /* Instructions.swift in Sources */ = {isa = PBXBuildFile; fileRef = F3D55568283DB76A00A34232 /* Instructions.swift */; };
		F3E2E6D328566C5800F3850E /* Settings.swift in Sources */ = {isa = PBXBuildFile; fileRef = F3E2E6D228566C5800F3850E /* Settings.swift */; };
		F3F6ECBF287E4C5700DD70C2 /* Courier New Bold.ttf in Resources */ = {isa = PBXBuildFile; fileRef = F3F6ECB8287E4BA400DD70C2 /* Courier New Bold.ttf */; };
		F3F6ECC0287E4C5D00DD70C2 /* Trattatello.ttf in Resources */ = {isa = PBXBuildFile; fileRef = F3F6ECBD287E4C2400DD70C2 /* Trattatello.ttf */; };
		F3F6ECC1287E4C5D00DD70C2 /* PartyLET-plain.ttf in Resources */ = {isa = PBXBuildFile; fileRef = F3F6ECBA287E4BDC00DD70C2 /* PartyLET-plain.ttf */; };
		F3F6ECC2287E4C5D00DD70C2 /* Luminari.ttf in Resources */ = {isa = PBXBuildFile; fileRef = F3F6ECB9287E4BBB00DD70C2 /* Luminari.ttf */; };
		F3F6ECC3287E4C5D00DD70C2 /* SnellRoundhand.ttc in Resources */ = {isa = PBXBuildFile; fileRef = F3F6ECBC287E4C1800DD70C2 /* SnellRoundhand.ttc */; };
		F3F6ECC4287E4C5D00DD70C2 /* Copperplate.ttc in Resources */ = {isa = PBXBuildFile; fileRef = F3F6ECB7287E4B8B00DD70C2 /* Copperplate.ttc */; };
		F3F6ECC5287E4C5D00DD70C2 /* Phosphate.ttc in Resources */ = {isa = PBXBuildFile; fileRef = F3F6ECBB287E4BF400DD70C2 /* Phosphate.ttc */; };
		F3F6ECC6287E4C5D00DD70C2 /* Wingdings.ttf in Resources */ = {isa = PBXBuildFile; fileRef = F3F6ECBE287E4C4F00DD70C2 /* Wingdings.ttf */; };
		F3F78451284D90C60043B69D /* StatsAchievements.swift in Sources */ = {isa = PBXBuildFile; fileRef = F3F78450284D90C60043B69D /* StatsAchievements.swift */; };
/* End PBXBuildFile section */

/* Begin PBXFileReference section */
		BC5E86BC286FD6B60007E18D /* inspirational-background-112290.mp3 */ = {isa = PBXFileReference; lastKnownFileType = audio.mp3; path = "inspirational-background-112290.mp3"; sourceTree = "<group>"; };
		BC5E86BE286FD6C80007E18D /* jazzy-abstract-beat-11254.mp3 */ = {isa = PBXFileReference; lastKnownFileType = audio.mp3; path = "jazzy-abstract-beat-11254.mp3"; sourceTree = "<group>"; };
		BC5E86C0286FD6D30007E18D /* chill-abstract-intention-12099.mp3 */ = {isa = PBXFileReference; lastKnownFileType = audio.mp3; path = "chill-abstract-intention-12099.mp3"; sourceTree = "<group>"; };
		BC5E86C2286FD6DC0007E18D /* motivational-day-112790.mp3 */ = {isa = PBXFileReference; lastKnownFileType = audio.mp3; path = "motivational-day-112790.mp3"; sourceTree = "<group>"; };
		BC5E86C4286FD7A60007E18D /* Gameover.swift */ = {isa = PBXFileReference; lastKnownFileType = sourcecode.swift; path = Gameover.swift; sourceTree = "<group>"; };
		BC780C332831D3820080F758 /* TEST.json */ = {isa = PBXFileReference; fileEncoding = 4; lastKnownFileType = text.json; path = TEST.json; sourceTree = "<group>"; };
		BC780C352831D5350080F758 /* AnswerClue.swift */ = {isa = PBXFileReference; lastKnownFileType = sourcecode.swift; path = AnswerClue.swift; sourceTree = "<group>"; };
		F307FD342873609500D9D507 /* chill-abstract-intention-12099_11KGzeua.mp3 */ = {isa = PBXFileReference; lastKnownFileType = audio.mp3; path = "chill-abstract-intention-12099_11KGzeua.mp3"; sourceTree = "<group>"; };
		F307FD362873D16B00D9D507 /* Comic Sans MS.ttf */ = {isa = PBXFileReference; lastKnownFileType = file; path = "Comic Sans MS.ttf"; sourceTree = "<group>"; };
		F307FD372873D1A500D9D507 /* Herculanum.ttf */ = {isa = PBXFileReference; lastKnownFileType = file; path = Herculanum.ttf; sourceTree = "<group>"; };
		F307FD382873D1BE00D9D507 /* Arial.ttf */ = {isa = PBXFileReference; lastKnownFileType = file; path = Arial.ttf; sourceTree = "<group>"; };
		F3361B67287B7D52009CD2DA /* noCycle.json */ = {isa = PBXFileReference; fileEncoding = 4; lastKnownFileType = text.json; path = noCycle.json; sourceTree = SOURCE_ROOT; };
		F33BCCBB282C8BB400BDFB27 /* InfiniteWordLadder.app */ = {isa = PBXFileReference; explicitFileType = wrapper.application; includeInIndex = 0; path = InfiniteWordLadder.app; sourceTree = BUILT_PRODUCTS_DIR; };
		F33BCCBE282C8BB400BDFB27 /* InfiniteWordLadderApp.swift */ = {isa = PBXFileReference; lastKnownFileType = sourcecode.swift; path = InfiniteWordLadderApp.swift; sourceTree = "<group>"; };
		F33BCCC0282C8BB400BDFB27 /* IWL.swift */ = {isa = PBXFileReference; lastKnownFileType = sourcecode.swift; path = IWL.swift; sourceTree = "<group>"; };
		F33BCCC2282C8BB700BDFB27 /* Assets.xcassets */ = {isa = PBXFileReference; lastKnownFileType = folder.assetcatalog; path = Assets.xcassets; sourceTree = "<group>"; };
		F33BCCC5282C8BB700BDFB27 /* Preview Assets.xcassets */ = {isa = PBXFileReference; lastKnownFileType = folder.assetcatalog; path = "Preview Assets.xcassets"; sourceTree = "<group>"; };
		F35EAE5728558584005388C5 /* connected.json */ = {isa = PBXFileReference; fileEncoding = 4; lastKnownFileType = text.json; path = connected.json; sourceTree = "<group>"; };
		F37C68F62842663700820459 /* GiveUp.swift */ = {isa = PBXFileReference; lastKnownFileType = sourcecode.swift; path = GiveUp.swift; sourceTree = "<group>"; };
		F37C68F82842BBEB00820459 /* Menu.swift */ = {isa = PBXFileReference; lastKnownFileType = sourcecode.swift; path = Menu.swift; sourceTree = "<group>"; };
		F37C68FA28438E9300820459 /* Stats.swift */ = {isa = PBXFileReference; lastKnownFileType = sourcecode.swift; path = Stats.swift; sourceTree = "<group>"; };
		F37C68FC28438EA600820459 /* Achievements.swift */ = {isa = PBXFileReference; lastKnownFileType = sourcecode.swift; path = Achievements.swift; sourceTree = "<group>"; };
		F3B2C5D2282F3ADF00766218 /* GameInfo.swift */ = {isa = PBXFileReference; lastKnownFileType = sourcecode.swift; path = GameInfo.swift; sourceTree = "<group>"; };
		F3B35A81283327EA0000796E /* full.json */ = {isa = PBXFileReference; fileEncoding = 4; lastKnownFileType = text.json; path = full.json; sourceTree = "<group>"; };
		F3D55564283C40A800A34232 /* MotherView.swift */ = {isa = PBXFileReference; lastKnownFileType = sourcecode.swift; path = MotherView.swift; sourceTree = "<group>"; };
		F3D55566283C413300A34232 /* Correct.swift */ = {isa = PBXFileReference; lastKnownFileType = sourcecode.swift; path = Correct.swift; sourceTree = "<group>"; };
		F3D55568283DB76A00A34232 /* Instructions.swift */ = {isa = PBXFileReference; lastKnownFileType = sourcecode.swift; path = Instructions.swift; sourceTree = "<group>"; };
		F3E2E6D228566C5800F3850E /* Settings.swift */ = {isa = PBXFileReference; lastKnownFileType = sourcecode.swift; path = Settings.swift; sourceTree = "<group>"; };
		F3E9C142287523FE0093223E /* Info.plist */ = {isa = PBXFileReference; lastKnownFileType = text.plist; path = Info.plist; sourceTree = "<group>"; };
		F3F6ECB6287E4B5D00DD70C2 /* ChalkboardSE.ttc */ = {isa = PBXFileReference; lastKnownFileType = file; path = ChalkboardSE.ttc; sourceTree = "<group>"; };
		F3F6ECB7287E4B8B00DD70C2 /* Copperplate.ttc */ = {isa = PBXFileReference; lastKnownFileType = file; path = Copperplate.ttc; sourceTree = "<group>"; };
		F3F6ECB8287E4BA400DD70C2 /* Courier New Bold.ttf */ = {isa = PBXFileReference; lastKnownFileType = file; path = "Courier New Bold.ttf"; sourceTree = "<group>"; };
		F3F6ECB9287E4BBB00DD70C2 /* Luminari.ttf */ = {isa = PBXFileReference; lastKnownFileType = file; path = Luminari.ttf; sourceTree = "<group>"; };
		F3F6ECBA287E4BDC00DD70C2 /* PartyLET-plain.ttf */ = {isa = PBXFileReference; lastKnownFileType = file; path = "PartyLET-plain.ttf"; sourceTree = "<group>"; };
		F3F6ECBB287E4BF400DD70C2 /* Phosphate.ttc */ = {isa = PBXFileReference; lastKnownFileType = file; path = Phosphate.ttc; sourceTree = "<group>"; };
		F3F6ECBC287E4C1800DD70C2 /* SnellRoundhand.ttc */ = {isa = PBXFileReference; lastKnownFileType = file; path = SnellRoundhand.ttc; sourceTree = "<group>"; };
		F3F6ECBD287E4C2400DD70C2 /* Trattatello.ttf */ = {isa = PBXFileReference; lastKnownFileType = file; path = Trattatello.ttf; sourceTree = "<group>"; };
		F3F6ECBE287E4C4F00DD70C2 /* Wingdings.ttf */ = {isa = PBXFileReference; lastKnownFileType = file; path = Wingdings.ttf; sourceTree = "<group>"; };
		F3F78450284D90C60043B69D /* StatsAchievements.swift */ = {isa = PBXFileReference; lastKnownFileType = sourcecode.swift; path = StatsAchievements.swift; sourceTree = "<group>"; };
/* End PBXFileReference section */

/* Begin PBXFrameworksBuildPhase section */
		F33BCCB8282C8BB400BDFB27 /* Frameworks */ = {
			isa = PBXFrameworksBuildPhase;
			buildActionMask = 2147483647;
			files = (
			);
			runOnlyForDeploymentPostprocessing = 0;
		};
/* End PBXFrameworksBuildPhase section */

/* Begin PBXGroup section */
		F33BCCB2282C8BB300BDFB27 = {
			isa = PBXGroup;
			children = (
				F33BCCBD282C8BB400BDFB27 /* InfiniteWordLadder */,
				F33BCCBC282C8BB400BDFB27 /* Products */,
			);
			sourceTree = "<group>";
		};
		F33BCCBC282C8BB400BDFB27 /* Products */ = {
			isa = PBXGroup;
			children = (
				F33BCCBB282C8BB400BDFB27 /* InfiniteWordLadder.app */,
			);
			name = Products;
			sourceTree = "<group>";
		};
		F33BCCBD282C8BB400BDFB27 /* InfiniteWordLadder */ = {
			isa = PBXGroup;
			children = (
				F3E9C142287523FE0093223E /* Info.plist */,
				BC5E86C2286FD6DC0007E18D /* motivational-day-112790.mp3 */,
				BC5E86BC286FD6B60007E18D /* inspirational-background-112290.mp3 */,
				BC5E86BE286FD6C80007E18D /* jazzy-abstract-beat-11254.mp3 */,
				BC5E86C0286FD6D30007E18D /* chill-abstract-intention-12099.mp3 */,
				F307FD342873609500D9D507 /* chill-abstract-intention-12099_11KGzeua.mp3 */,
				F307FD362873D16B00D9D507 /* Comic Sans MS.ttf */,
				F307FD382873D1BE00D9D507 /* Arial.ttf */,
				F307FD372873D1A500D9D507 /* Herculanum.ttf */,
				F3F6ECB6287E4B5D00DD70C2 /* ChalkboardSE.ttc */,
				F3F6ECB8287E4BA400DD70C2 /* Courier New Bold.ttf */,
				F3F6ECB9287E4BBB00DD70C2 /* Luminari.ttf */,
				F3F6ECBA287E4BDC00DD70C2 /* PartyLET-plain.ttf */,
				F3F6ECBC287E4C1800DD70C2 /* SnellRoundhand.ttc */,
				F3F6ECBB287E4BF400DD70C2 /* Phosphate.ttc */,
				F3F6ECBD287E4C2400DD70C2 /* Trattatello.ttf */,
				F3F6ECBE287E4C4F00DD70C2 /* Wingdings.ttf */,
				F3F6ECB7287E4B8B00DD70C2 /* Copperplate.ttc */,
				F37C68F82842BBEB00820459 /* Menu.swift */,
				F3D55568283DB76A00A34232 /* Instructions.swift */,
				F33BCCBE282C8BB400BDFB27 /* InfiniteWordLadderApp.swift */,
				F3B2C5D2282F3ADF00766218 /* GameInfo.swift */,
				BC5E86C4286FD7A60007E18D /* Gameover.swift */,
				F3F78450284D90C60043B69D /* StatsAchievements.swift */,
				F3D55564283C40A800A34232 /* MotherView.swift */,
				F37C68FA28438E9300820459 /* Stats.swift */,
				F37C68FC28438EA600820459 /* Achievements.swift */,
				F3D55566283C413300A34232 /* Correct.swift */,
				F33BCCC0282C8BB400BDFB27 /* IWL.swift */,
				F37C68F62842663700820459 /* GiveUp.swift */,
				F3E2E6D228566C5800F3850E /* Settings.swift */,
				BC780C352831D5350080F758 /* AnswerClue.swift */,
				F3361B67287B7D52009CD2DA /* noCycle.json */,
				BC780C332831D3820080F758 /* TEST.json */,
				F3B35A81283327EA0000796E /* full.json */,
				F35EAE5728558584005388C5 /* connected.json */,
				F33BCCC2282C8BB700BDFB27 /* Assets.xcassets */,
				F33BCCC4282C8BB700BDFB27 /* Preview Content */,
			);
			path = InfiniteWordLadder;
			sourceTree = "<group>";
		};
		F33BCCC4282C8BB700BDFB27 /* Preview Content */ = {
			isa = PBXGroup;
			children = (
				F33BCCC5282C8BB700BDFB27 /* Preview Assets.xcassets */,
			);
			path = "Preview Content";
			sourceTree = "<group>";
		};
/* End PBXGroup section */

/* Begin PBXNativeTarget section */
		F33BCCBA282C8BB400BDFB27 /* InfiniteWordLadder */ = {
			isa = PBXNativeTarget;
			buildConfigurationList = F33BCCC9282C8BB700BDFB27 /* Build configuration list for PBXNativeTarget "InfiniteWordLadder" */;
			buildPhases = (
				F33BCCB7282C8BB400BDFB27 /* Sources */,
				F33BCCB8282C8BB400BDFB27 /* Frameworks */,
				F33BCCB9282C8BB400BDFB27 /* Resources */,
			);
			buildRules = (
			);
			dependencies = (
			);
			name = InfiniteWordLadder;
			productName = InfiniteWordLadder;
			productReference = F33BCCBB282C8BB400BDFB27 /* InfiniteWordLadder.app */;
			productType = "com.apple.product-type.application";
		};
/* End PBXNativeTarget section */

/* Begin PBXProject section */
		F33BCCB3282C8BB300BDFB27 /* Project object */ = {
			isa = PBXProject;
			attributes = {
				BuildIndependentTargetsInParallel = 1;
				LastSwiftUpdateCheck = 1330;
				LastUpgradeCheck = 1330;
				TargetAttributes = {
					F33BCCBA282C8BB400BDFB27 = {
						CreatedOnToolsVersion = 13.3.1;
					};
				};
			};
			buildConfigurationList = F33BCCB6282C8BB300BDFB27 /* Build configuration list for PBXProject "InfiniteWordLadder" */;
			compatibilityVersion = "Xcode 13.0";
			developmentRegion = en;
			hasScannedForEncodings = 0;
			knownRegions = (
				en,
				Base,
			);
			mainGroup = F33BCCB2282C8BB300BDFB27;
			productRefGroup = F33BCCBC282C8BB400BDFB27 /* Products */;
			projectDirPath = "";
			projectRoot = "";
			targets = (
				F33BCCBA282C8BB400BDFB27 /* InfiniteWordLadder */,
			);
		};
/* End PBXProject section */

/* Begin PBXResourcesBuildPhase section */
		F33BCCB9282C8BB400BDFB27 /* Resources */ = {
			isa = PBXResourcesBuildPhase;
			buildActionMask = 2147483647;
			files = (
				F35EAE5828558584005388C5 /* connected.json in Resources */,
				BC5E86C3286FD6DD0007E18D /* motivational-day-112790.mp3 in Resources */,
				F303320D28766B6F00F927D4 /* Herculanum.ttf in Resources */,
				F3F6ECC4287E4C5D00DD70C2 /* Copperplate.ttc in Resources */,
				F303320C28766B6C00F927D4 /* Arial.ttf in Resources */,
				F3B35A82283327EA0000796E /* full.json in Resources */,
				F307FD352873609600D9D507 /* chill-abstract-intention-12099_11KGzeua.mp3 in Resources */,
				BC5E86BD286FD6B60007E18D /* inspirational-background-112290.mp3 in Resources */,
				F3361B68287B7D52009CD2DA /* noCycle.json in Resources */,
				F3F6ECC3287E4C5D00DD70C2 /* SnellRoundhand.ttc in Resources */,
				F33BCCC6282C8BB700BDFB27 /* Preview Assets.xcassets in Resources */,
				BC5E86C1286FD6D30007E18D /* chill-abstract-intention-12099.mp3 in Resources */,
				F3F6ECC1287E4C5D00DD70C2 /* PartyLET-plain.ttf in Resources */,
				F3F6ECBF287E4C5700DD70C2 /* Courier New Bold.ttf in Resources */,
				F3F6ECC0287E4C5D00DD70C2 /* Trattatello.ttf in Resources */,
				F3F6ECC6287E4C5D00DD70C2 /* Wingdings.ttf in Resources */,
				BC780C342831D3820080F758 /* TEST.json in Resources */,
				F33BCCC3282C8BB700BDFB27 /* Assets.xcassets in Resources */,
				F303320B28766B6800F927D4 /* Comic Sans MS.ttf in Resources */,
				BC5E86BF286FD6C80007E18D /* jazzy-abstract-beat-11254.mp3 in Resources */,
				F3F6ECC2287E4C5D00DD70C2 /* Luminari.ttf in Resources */,
				F3F6ECC5287E4C5D00DD70C2 /* Phosphate.ttc in Resources */,
			);
			runOnlyForDeploymentPostprocessing = 0;
		};
/* End PBXResourcesBuildPhase section */

/* Begin PBXSourcesBuildPhase section */
		F33BCCB7282C8BB400BDFB27 /* Sources */ = {
			isa = PBXSourcesBuildPhase;
			buildActionMask = 2147483647;
			files = (
				F3D55569283DB76A00A34232 /* Instructions.swift in Sources */,
				BC780C362831D5350080F758 /* AnswerClue.swift in Sources */,
				F3E2E6D328566C5800F3850E /* Settings.swift in Sources */,
				BC5E86C5286FD7A70007E18D /* Gameover.swift in Sources */,
				F37C68FD28438EA600820459 /* Achievements.swift in Sources */,
				F33BCCC1282C8BB400BDFB27 /* IWL.swift in Sources */,
				F33BCCBF282C8BB400BDFB27 /* InfiniteWordLadderApp.swift in Sources */,
				F3F78451284D90C60043B69D /* StatsAchievements.swift in Sources */,
				F37C68FB28438E9300820459 /* Stats.swift in Sources */,
				F3B2C5D3282F3ADF00766218 /* GameInfo.swift in Sources */,
				F3D55567283C413300A34232 /* Correct.swift in Sources */,
				F37C68F92842BBEB00820459 /* Menu.swift in Sources */,
				F3D55565283C40A800A34232 /* MotherView.swift in Sources */,
				F37C68F72842663700820459 /* GiveUp.swift in Sources */,
			);
			runOnlyForDeploymentPostprocessing = 0;
		};
/* End PBXSourcesBuildPhase section */

/* Begin XCBuildConfiguration section */
		F33BCCC7282C8BB700BDFB27 /* Debug */ = {
			isa = XCBuildConfiguration;
			buildSettings = {
				ALWAYS_SEARCH_USER_PATHS = NO;
				CLANG_ANALYZER_NONNULL = YES;
				CLANG_ANALYZER_NUMBER_OBJECT_CONVERSION = YES_AGGRESSIVE;
				CLANG_CXX_LANGUAGE_STANDARD = "gnu++17";
				CLANG_ENABLE_MODULES = YES;
				CLANG_ENABLE_OBJC_ARC = YES;
				CLANG_ENABLE_OBJC_WEAK = YES;
				CLANG_WARN_BLOCK_CAPTURE_AUTORELEASING = YES;
				CLANG_WARN_BOOL_CONVERSION = YES;
				CLANG_WARN_COMMA = YES;
				CLANG_WARN_CONSTANT_CONVERSION = YES;
				CLANG_WARN_DEPRECATED_OBJC_IMPLEMENTATIONS = YES;
				CLANG_WARN_DIRECT_OBJC_ISA_USAGE = YES_ERROR;
				CLANG_WARN_DOCUMENTATION_COMMENTS = YES;
				CLANG_WARN_EMPTY_BODY = YES;
				CLANG_WARN_ENUM_CONVERSION = YES;
				CLANG_WARN_INFINITE_RECURSION = YES;
				CLANG_WARN_INT_CONVERSION = YES;
				CLANG_WARN_NON_LITERAL_NULL_CONVERSION = YES;
				CLANG_WARN_OBJC_IMPLICIT_RETAIN_SELF = YES;
				CLANG_WARN_OBJC_LITERAL_CONVERSION = YES;
				CLANG_WARN_OBJC_ROOT_CLASS = YES_ERROR;
				CLANG_WARN_QUOTED_INCLUDE_IN_FRAMEWORK_HEADER = YES;
				CLANG_WARN_RANGE_LOOP_ANALYSIS = YES;
				CLANG_WARN_STRICT_PROTOTYPES = YES;
				CLANG_WARN_SUSPICIOUS_MOVE = YES;
				CLANG_WARN_UNGUARDED_AVAILABILITY = YES_AGGRESSIVE;
				CLANG_WARN_UNREACHABLE_CODE = YES;
				CLANG_WARN__DUPLICATE_METHOD_MATCH = YES;
				COPY_PHASE_STRIP = NO;
				DEBUG_INFORMATION_FORMAT = dwarf;
				ENABLE_STRICT_OBJC_MSGSEND = YES;
				ENABLE_TESTABILITY = YES;
				GCC_C_LANGUAGE_STANDARD = gnu11;
				GCC_DYNAMIC_NO_PIC = NO;
				GCC_NO_COMMON_BLOCKS = YES;
				GCC_OPTIMIZATION_LEVEL = 0;
				GCC_PREPROCESSOR_DEFINITIONS = (
					"DEBUG=1",
					"$(inherited)",
				);
				GCC_WARN_64_TO_32_BIT_CONVERSION = YES;
				GCC_WARN_ABOUT_RETURN_TYPE = YES_ERROR;
				GCC_WARN_UNDECLARED_SELECTOR = YES;
				GCC_WARN_UNINITIALIZED_AUTOS = YES_AGGRESSIVE;
				GCC_WARN_UNUSED_FUNCTION = YES;
				GCC_WARN_UNUSED_VARIABLE = YES;
				IPHONEOS_DEPLOYMENT_TARGET = 15.4;
				MTL_ENABLE_DEBUG_INFO = INCLUDE_SOURCE;
				MTL_FAST_MATH = YES;
				ONLY_ACTIVE_ARCH = YES;
				SDKROOT = iphoneos;
				SWIFT_ACTIVE_COMPILATION_CONDITIONS = DEBUG;
				SWIFT_OPTIMIZATION_LEVEL = "-Onone";
			};
			name = Debug;
		};
		F33BCCC8282C8BB700BDFB27 /* Release */ = {
			isa = XCBuildConfiguration;
			buildSettings = {
				ALWAYS_SEARCH_USER_PATHS = NO;
				CLANG_ANALYZER_NONNULL = YES;
				CLANG_ANALYZER_NUMBER_OBJECT_CONVERSION = YES_AGGRESSIVE;
				CLANG_CXX_LANGUAGE_STANDARD = "gnu++17";
				CLANG_ENABLE_MODULES = YES;
				CLANG_ENABLE_OBJC_ARC = YES;
				CLANG_ENABLE_OBJC_WEAK = YES;
				CLANG_WARN_BLOCK_CAPTURE_AUTORELEASING = YES;
				CLANG_WARN_BOOL_CONVERSION = YES;
				CLANG_WARN_COMMA = YES;
				CLANG_WARN_CONSTANT_CONVERSION = YES;
				CLANG_WARN_DEPRECATED_OBJC_IMPLEMENTATIONS = YES;
				CLANG_WARN_DIRECT_OBJC_ISA_USAGE = YES_ERROR;
				CLANG_WARN_DOCUMENTATION_COMMENTS = YES;
				CLANG_WARN_EMPTY_BODY = YES;
				CLANG_WARN_ENUM_CONVERSION = YES;
				CLANG_WARN_INFINITE_RECURSION = YES;
				CLANG_WARN_INT_CONVERSION = YES;
				CLANG_WARN_NON_LITERAL_NULL_CONVERSION = YES;
				CLANG_WARN_OBJC_IMPLICIT_RETAIN_SELF = YES;
				CLANG_WARN_OBJC_LITERAL_CONVERSION = YES;
				CLANG_WARN_OBJC_ROOT_CLASS = YES_ERROR;
				CLANG_WARN_QUOTED_INCLUDE_IN_FRAMEWORK_HEADER = YES;
				CLANG_WARN_RANGE_LOOP_ANALYSIS = YES;
				CLANG_WARN_STRICT_PROTOTYPES = YES;
				CLANG_WARN_SUSPICIOUS_MOVE = YES;
				CLANG_WARN_UNGUARDED_AVAILABILITY = YES_AGGRESSIVE;
				CLANG_WARN_UNREACHABLE_CODE = YES;
				CLANG_WARN__DUPLICATE_METHOD_MATCH = YES;
				COPY_PHASE_STRIP = NO;
				DEBUG_INFORMATION_FORMAT = "dwarf-with-dsym";
				ENABLE_NS_ASSERTIONS = NO;
				ENABLE_STRICT_OBJC_MSGSEND = YES;
				GCC_C_LANGUAGE_STANDARD = gnu11;
				GCC_NO_COMMON_BLOCKS = YES;
				GCC_WARN_64_TO_32_BIT_CONVERSION = YES;
				GCC_WARN_ABOUT_RETURN_TYPE = YES_ERROR;
				GCC_WARN_UNDECLARED_SELECTOR = YES;
				GCC_WARN_UNINITIALIZED_AUTOS = YES_AGGRESSIVE;
				GCC_WARN_UNUSED_FUNCTION = YES;
				GCC_WARN_UNUSED_VARIABLE = YES;
				IPHONEOS_DEPLOYMENT_TARGET = 15.4;
				MTL_ENABLE_DEBUG_INFO = NO;
				MTL_FAST_MATH = YES;
				SDKROOT = iphoneos;
				SWIFT_COMPILATION_MODE = wholemodule;
				SWIFT_OPTIMIZATION_LEVEL = "-O";
				VALIDATE_PRODUCT = YES;
			};
			name = Release;
		};
		F33BCCCA282C8BB700BDFB27 /* Debug */ = {
			isa = XCBuildConfiguration;
			buildSettings = {
				ASSETCATALOG_COMPILER_APPICON_NAME = AppIcon;
				ASSETCATALOG_COMPILER_GLOBAL_ACCENT_COLOR_NAME = AccentColor;
				CODE_SIGN_STYLE = Automatic;
				CURRENT_PROJECT_VERSION = 1;
				DEVELOPMENT_ASSET_PATHS = "\"InfiniteWordLadder/Preview Content\"";
				DEVELOPMENT_TEAM = 77HPBTD89M;
				ENABLE_PREVIEWS = YES;
				GENERATE_INFOPLIST_FILE = YES;
				INFOPLIST_FILE = InfiniteWordLadder/Info.plist;
				INFOPLIST_KEY_UIApplicationSceneManifest_Generation = YES;
				INFOPLIST_KEY_UIApplicationSupportsIndirectInputEvents = YES;
				INFOPLIST_KEY_UILaunchScreen_Generation = YES;
				INFOPLIST_KEY_UISupportedInterfaceOrientations_iPad = "UIInterfaceOrientationPortrait UIInterfaceOrientationPortraitUpsideDown UIInterfaceOrientationLandscapeLeft UIInterfaceOrientationLandscapeRight";
				INFOPLIST_KEY_UISupportedInterfaceOrientations_iPhone = "UIInterfaceOrientationPortrait UIInterfaceOrientationPortraitUpsideDown";
				LD_RUNPATH_SEARCH_PATHS = (
					"$(inherited)",
					"@executable_path/Frameworks",
				);
				MARKETING_VERSION = 1.0;
				PRODUCT_BUNDLE_IDENTIFIER = tom.InfiniteWordLadder;
				PRODUCT_NAME = "$(TARGET_NAME)";
				SWIFT_EMIT_LOC_STRINGS = YES;
				SWIFT_VERSION = 5.0;
				TARGETED_DEVICE_FAMILY = "1,2";
			};
			name = Debug;
		};
		F33BCCCB282C8BB700BDFB27 /* Release */ = {
			isa = XCBuildConfiguration;
			buildSettings = {
				ASSETCATALOG_COMPILER_APPICON_NAME = AppIcon;
				ASSETCATALOG_COMPILER_GLOBAL_ACCENT_COLOR_NAME = AccentColor;
				CODE_SIGN_STYLE = Automatic;
				CURRENT_PROJECT_VERSION = 1;
				DEVELOPMENT_ASSET_PATHS = "\"InfiniteWordLadder/Preview Content\"";
				DEVELOPMENT_TEAM = 77HPBTD89M;
				ENABLE_PREVIEWS = YES;
				GENERATE_INFOPLIST_FILE = YES;
				INFOPLIST_FILE = InfiniteWordLadder/Info.plist;
				INFOPLIST_KEY_UIApplicationSceneManifest_Generation = YES;
				INFOPLIST_KEY_UIApplicationSupportsIndirectInputEvents = YES;
				INFOPLIST_KEY_UILaunchScreen_Generation = YES;
				INFOPLIST_KEY_UISupportedInterfaceOrientations_iPad = "UIInterfaceOrientationPortrait UIInterfaceOrientationPortraitUpsideDown UIInterfaceOrientationLandscapeLeft UIInterfaceOrientationLandscapeRight";
				INFOPLIST_KEY_UISupportedInterfaceOrientations_iPhone = "UIInterfaceOrientationPortrait UIInterfaceOrientationPortraitUpsideDown";
				LD_RUNPATH_SEARCH_PATHS = (
					"$(inherited)",
					"@executable_path/Frameworks",
				);
				MARKETING_VERSION = 1.0;
				PRODUCT_BUNDLE_IDENTIFIER = tom.InfiniteWordLadder;
				PRODUCT_NAME = "$(TARGET_NAME)";
				SWIFT_EMIT_LOC_STRINGS = YES;
				SWIFT_VERSION = 5.0;
				TARGETED_DEVICE_FAMILY = "1,2";
			};
			name = Release;
		};
/* End XCBuildConfiguration section */

/* Begin XCConfigurationList section */
		F33BCCB6282C8BB300BDFB27 /* Build configuration list for PBXProject "InfiniteWordLadder" */ = {
			isa = XCConfigurationList;
			buildConfigurations = (
				F33BCCC7282C8BB700BDFB27 /* Debug */,
				F33BCCC8282C8BB700BDFB27 /* Release */,
			);
			defaultConfigurationIsVisible = 0;
			defaultConfigurationName = Release;
		};
		F33BCCC9282C8BB700BDFB27 /* Build configuration list for PBXNativeTarget "InfiniteWordLadder" */ = {
			isa = XCConfigurationList;
			buildConfigurations = (
				F33BCCCA282C8BB700BDFB27 /* Debug */,
				F33BCCCB282C8BB700BDFB27 /* Release */,
			);
			defaultConfigurationIsVisible = 0;
			defaultConfigurationName = Release;
		};
/* End XCConfigurationList section */
	};
	rootObject = F33BCCB3282C8BB300BDFB27 /* Project object */;
}
